// !$*UTF8*$!
{
	archiveVersion = 1;
	classes = {
	};
	objectVersion = 56;
	objects = {

/* Begin PBXBuildFile section */
		54D99824293CE22000B86D93 /* AppDelegate.swift in Sources */ = {isa = PBXBuildFile; fileRef = 54D99823293CE22000B86D93 /* AppDelegate.swift */; };
		54D99826293CE22000B86D93 /* SceneDelegate.swift in Sources */ = {isa = PBXBuildFile; fileRef = 54D99825293CE22000B86D93 /* SceneDelegate.swift */; };
		54D99828293CE22000B86D93 /* ViewController.swift in Sources */ = {isa = PBXBuildFile; fileRef = 54D99827293CE22000B86D93 /* ViewController.swift */; };
		54D9982B293CE22000B86D93 /* Main.storyboard in Resources */ = {isa = PBXBuildFile; fileRef = 54D99829293CE22000B86D93 /* Main.storyboard */; };
		54D9982D293CE22200B86D93 /* Assets.xcassets in Resources */ = {isa = PBXBuildFile; fileRef = 54D9982C293CE22200B86D93 /* Assets.xcassets */; };
		54D99830293CE22200B86D93 /* LaunchScreen.storyboard in Resources */ = {isa = PBXBuildFile; fileRef = 54D9982E293CE22200B86D93 /* LaunchScreen.storyboard */; };
		54D9983B293CE22300B86D93 /* Day_1_Calorie_CounterTests.swift in Sources */ = {isa = PBXBuildFile; fileRef = 54D9983A293CE22300B86D93 /* Day_1_Calorie_CounterTests.swift */; };
		54D99845293CE22300B86D93 /* Day_1_Calorie_CounterUITests.swift in Sources */ = {isa = PBXBuildFile; fileRef = 54D99844293CE22300B86D93 /* Day_1_Calorie_CounterUITests.swift */; };
		54D99847293CE22300B86D93 /* Day_1_Calorie_CounterUITestsLaunchTests.swift in Sources */ = {isa = PBXBuildFile; fileRef = 54D99846293CE22300B86D93 /* Day_1_Calorie_CounterUITestsLaunchTests.swift */; };
		54D99854293CE32800B86D93 /* CalorieCounter.swift in Sources */ = {isa = PBXBuildFile; fileRef = 54D99853293CE32800B86D93 /* CalorieCounter.swift */; };
		54D99856293CE59800B86D93 /* input.txt in Resources */ = {isa = PBXBuildFile; fileRef = 54D99855293CE59800B86D93 /* input.txt */; };
/* End PBXBuildFile section */

/* Begin PBXContainerItemProxy section */
		54D99837293CE22300B86D93 /* PBXContainerItemProxy */ = {
			isa = PBXContainerItemProxy;
			containerPortal = 54D99818293CE22000B86D93 /* Project object */;
			proxyType = 1;
			remoteGlobalIDString = 54D9981F293CE22000B86D93;
			remoteInfo = "Day 1 Calorie Counter";
		};
		54D99841293CE22300B86D93 /* PBXContainerItemProxy */ = {
			isa = PBXContainerItemProxy;
			containerPortal = 54D99818293CE22000B86D93 /* Project object */;
			proxyType = 1;
			remoteGlobalIDString = 54D9981F293CE22000B86D93;
			remoteInfo = "Day 1 Calorie Counter";
		};
/* End PBXContainerItemProxy section */

/* Begin PBXFileReference section */
		54D99820293CE22000B86D93 /* AdventOfCode.app */ = {isa = PBXFileReference; explicitFileType = wrapper.application; includeInIndex = 0; path = AdventOfCode.app; sourceTree = BUILT_PRODUCTS_DIR; };
		54D99823293CE22000B86D93 /* AppDelegate.swift */ = {isa = PBXFileReference; lastKnownFileType = sourcecode.swift; path = AppDelegate.swift; sourceTree = "<group>"; };
		54D99825293CE22000B86D93 /* SceneDelegate.swift */ = {isa = PBXFileReference; lastKnownFileType = sourcecode.swift; path = SceneDelegate.swift; sourceTree = "<group>"; };
		54D99827293CE22000B86D93 /* ViewController.swift */ = {isa = PBXFileReference; lastKnownFileType = sourcecode.swift; path = ViewController.swift; sourceTree = "<group>"; };
		54D9982A293CE22000B86D93 /* Base */ = {isa = PBXFileReference; lastKnownFileType = file.storyboard; name = Base; path = Base.lproj/Main.storyboard; sourceTree = "<group>"; };
		54D9982C293CE22200B86D93 /* Assets.xcassets */ = {isa = PBXFileReference; lastKnownFileType = folder.assetcatalog; path = Assets.xcassets; sourceTree = "<group>"; };
		54D9982F293CE22200B86D93 /* Base */ = {isa = PBXFileReference; lastKnownFileType = file.storyboard; name = Base; path = Base.lproj/LaunchScreen.storyboard; sourceTree = "<group>"; };
		54D99831293CE22200B86D93 /* Info.plist */ = {isa = PBXFileReference; lastKnownFileType = text.plist.xml; path = Info.plist; sourceTree = "<group>"; };
		54D99836293CE22300B86D93 /* AdventOfCodeTests.xctest */ = {isa = PBXFileReference; explicitFileType = wrapper.cfbundle; includeInIndex = 0; path = AdventOfCodeTests.xctest; sourceTree = BUILT_PRODUCTS_DIR; };
		54D9983A293CE22300B86D93 /* Day_1_Calorie_CounterTests.swift */ = {isa = PBXFileReference; lastKnownFileType = sourcecode.swift; path = Day_1_Calorie_CounterTests.swift; sourceTree = "<group>"; };
		54D99840293CE22300B86D93 /* AdventOfCodeUITests.xctest */ = {isa = PBXFileReference; explicitFileType = wrapper.cfbundle; includeInIndex = 0; path = AdventOfCodeUITests.xctest; sourceTree = BUILT_PRODUCTS_DIR; };
		54D99844293CE22300B86D93 /* Day_1_Calorie_CounterUITests.swift */ = {isa = PBXFileReference; lastKnownFileType = sourcecode.swift; path = Day_1_Calorie_CounterUITests.swift; sourceTree = "<group>"; };
		54D99846293CE22300B86D93 /* Day_1_Calorie_CounterUITestsLaunchTests.swift */ = {isa = PBXFileReference; lastKnownFileType = sourcecode.swift; path = Day_1_Calorie_CounterUITestsLaunchTests.swift; sourceTree = "<group>"; };
		54D99853293CE32800B86D93 /* CalorieCounter.swift */ = {isa = PBXFileReference; lastKnownFileType = sourcecode.swift; path = CalorieCounter.swift; sourceTree = "<group>"; };
		54D99855293CE59800B86D93 /* input.txt */ = {isa = PBXFileReference; fileEncoding = 4; lastKnownFileType = text; path = input.txt; sourceTree = "<group>"; };
/* End PBXFileReference section */

/* Begin PBXFrameworksBuildPhase section */
		54D9981D293CE22000B86D93 /* Frameworks */ = {
			isa = PBXFrameworksBuildPhase;
			buildActionMask = 2147483647;
			files = (
			);
			runOnlyForDeploymentPostprocessing = 0;
		};
		54D99833293CE22300B86D93 /* Frameworks */ = {
			isa = PBXFrameworksBuildPhase;
			buildActionMask = 2147483647;
			files = (
			);
			runOnlyForDeploymentPostprocessing = 0;
		};
		54D9983D293CE22300B86D93 /* Frameworks */ = {
			isa = PBXFrameworksBuildPhase;
			buildActionMask = 2147483647;
			files = (
			);
			runOnlyForDeploymentPostprocessing = 0;
		};
/* End PBXFrameworksBuildPhase section */

/* Begin PBXGroup section */
		54167AF1293CFFA6005F3899 /* Day 1 */ = {
			isa = PBXGroup;
			children = (
				54D99855293CE59800B86D93 /* input.txt */,
				54D99853293CE32800B86D93 /* CalorieCounter.swift */,
			);
			path = "Day 1";
			sourceTree = "<group>";
		};
		54167AF2293CFFBC005F3899 /* Day 1 */ = {
			isa = PBXGroup;
			children = (
				54D9983A293CE22300B86D93 /* Day_1_Calorie_CounterTests.swift */,
			);
			path = "Day 1";
			sourceTree = "<group>";
		};
		54167AF3293CFFC6005F3899 /* Day 2 */ = {
			isa = PBXGroup;
			children = (
			);
			path = "Day 2";
			sourceTree = "<group>";
		};
		54167AF4293CFFF5005F3899 /* Day 2 */ = {
			isa = PBXGroup;
			children = (
			);
			path = "Day 2";
			sourceTree = "<group>";
		};
		54D99817293CE22000B86D93 = {
			isa = PBXGroup;
			children = (
				54D99822293CE22000B86D93 /* AdventOfCode */,
				54D99839293CE22300B86D93 /* AdventOfCodeTests */,
				54D99843293CE22300B86D93 /* AdventOfCodeUITests */,
				54D99821293CE22000B86D93 /* Products */,
			);
			sourceTree = "<group>";
		};
		54D99821293CE22000B86D93 /* Products */ = {
			isa = PBXGroup;
			children = (
				54D99820293CE22000B86D93 /* AdventOfCode.app */,
				54D99836293CE22300B86D93 /* AdventOfCodeTests.xctest */,
				54D99840293CE22300B86D93 /* AdventOfCodeUITests.xctest */,
			);
			name = Products;
			sourceTree = "<group>";
		};
		54D99822293CE22000B86D93 /* AdventOfCode */ = {
			isa = PBXGroup;
			children = (
				54167AF1293CFFA6005F3899 /* Day 1 */,
				54167AF4293CFFF5005F3899 /* Day 2 */,
				54D99823293CE22000B86D93 /* AppDelegate.swift */,
				54D99825293CE22000B86D93 /* SceneDelegate.swift */,
				54D99827293CE22000B86D93 /* ViewController.swift */,
				54D99829293CE22000B86D93 /* Main.storyboard */,
				54D9982C293CE22200B86D93 /* Assets.xcassets */,
				54D9982E293CE22200B86D93 /* LaunchScreen.storyboard */,
				54D99831293CE22200B86D93 /* Info.plist */,
			);
			path = AdventOfCode;
			sourceTree = "<group>";
		};
		54D99839293CE22300B86D93 /* AdventOfCodeTests */ = {
			isa = PBXGroup;
			children = (
				54167AF2293CFFBC005F3899 /* Day 1 */,
				54167AF3293CFFC6005F3899 /* Day 2 */,
			);
			path = AdventOfCodeTests;
			sourceTree = "<group>";
		};
		54D99843293CE22300B86D93 /* AdventOfCodeUITests */ = {
			isa = PBXGroup;
			children = (
				54D99844293CE22300B86D93 /* Day_1_Calorie_CounterUITests.swift */,
				54D99846293CE22300B86D93 /* Day_1_Calorie_CounterUITestsLaunchTests.swift */,
			);
			path = AdventOfCodeUITests;
			sourceTree = "<group>";
		};
/* End PBXGroup section */

/* Begin PBXNativeTarget section */
		54D9981F293CE22000B86D93 /* AdventOfCode */ = {
			isa = PBXNativeTarget;
			buildConfigurationList = 54D9984A293CE22300B86D93 /* Build configuration list for PBXNativeTarget "AdventOfCode" */;
			buildPhases = (
				54D9981C293CE22000B86D93 /* Sources */,
				54D9981D293CE22000B86D93 /* Frameworks */,
				54D9981E293CE22000B86D93 /* Resources */,
			);
			buildRules = (
			);
			dependencies = (
			);
			name = AdventOfCode;
			productName = "Day 1 Calorie Counter";
			productReference = 54D99820293CE22000B86D93 /* AdventOfCode.app */;
			productType = "com.apple.product-type.application";
		};
		54D99835293CE22300B86D93 /* AdventOfCodeTests */ = {
			isa = PBXNativeTarget;
			buildConfigurationList = 54D9984D293CE22300B86D93 /* Build configuration list for PBXNativeTarget "AdventOfCodeTests" */;
			buildPhases = (
				54D99832293CE22300B86D93 /* Sources */,
				54D99833293CE22300B86D93 /* Frameworks */,
				54D99834293CE22300B86D93 /* Resources */,
			);
			buildRules = (
			);
			dependencies = (
				54D99838293CE22300B86D93 /* PBXTargetDependency */,
			);
			name = AdventOfCodeTests;
			productName = "Day 1 Calorie CounterTests";
			productReference = 54D99836293CE22300B86D93 /* AdventOfCodeTests.xctest */;
			productType = "com.apple.product-type.bundle.unit-test";
		};
		54D9983F293CE22300B86D93 /* AdventOfCodeUITests */ = {
			isa = PBXNativeTarget;
			buildConfigurationList = 54D99850293CE22300B86D93 /* Build configuration list for PBXNativeTarget "AdventOfCodeUITests" */;
			buildPhases = (
				54D9983C293CE22300B86D93 /* Sources */,
				54D9983D293CE22300B86D93 /* Frameworks */,
				54D9983E293CE22300B86D93 /* Resources */,
			);
			buildRules = (
			);
			dependencies = (
				54D99842293CE22300B86D93 /* PBXTargetDependency */,
			);
			name = AdventOfCodeUITests;
			productName = "Day 1 Calorie CounterUITests";
			productReference = 54D99840293CE22300B86D93 /* AdventOfCodeUITests.xctest */;
			productType = "com.apple.product-type.bundle.ui-testing";
		};
/* End PBXNativeTarget section */

/* Begin PBXProject section */
		54D99818293CE22000B86D93 /* Project object */ = {
			isa = PBXProject;
			attributes = {
				BuildIndependentTargetsInParallel = 1;
				LastSwiftUpdateCheck = 1410;
				LastUpgradeCheck = 1410;
				TargetAttributes = {
					54D9981F293CE22000B86D93 = {
						CreatedOnToolsVersion = 14.1;
					};
					54D99835293CE22300B86D93 = {
						CreatedOnToolsVersion = 14.1;
						TestTargetID = 54D9981F293CE22000B86D93;
					};
					54D9983F293CE22300B86D93 = {
						CreatedOnToolsVersion = 14.1;
						TestTargetID = 54D9981F293CE22000B86D93;
					};
				};
			};
			buildConfigurationList = 54D9981B293CE22000B86D93 /* Build configuration list for PBXProject "AdventOfCode" */;
			compatibilityVersion = "Xcode 14.0";
			developmentRegion = en;
			hasScannedForEncodings = 0;
			knownRegions = (
				en,
				Base,
			);
			mainGroup = 54D99817293CE22000B86D93;
			productRefGroup = 54D99821293CE22000B86D93 /* Products */;
			projectDirPath = "";
			projectRoot = "";
			targets = (
				54D9981F293CE22000B86D93 /* AdventOfCode */,
				54D99835293CE22300B86D93 /* AdventOfCodeTests */,
				54D9983F293CE22300B86D93 /* AdventOfCodeUITests */,
			);
		};
/* End PBXProject section */

/* Begin PBXResourcesBuildPhase section */
		54D9981E293CE22000B86D93 /* Resources */ = {
			isa = PBXResourcesBuildPhase;
			buildActionMask = 2147483647;
			files = (
				54D99830293CE22200B86D93 /* LaunchScreen.storyboard in Resources */,
				54D9982D293CE22200B86D93 /* Assets.xcassets in Resources */,
				54D9982B293CE22000B86D93 /* Main.storyboard in Resources */,
				54D99856293CE59800B86D93 /* input.txt in Resources */,
			);
			runOnlyForDeploymentPostprocessing = 0;
		};
		54D99834293CE22300B86D93 /* Resources */ = {
			isa = PBXResourcesBuildPhase;
			buildActionMask = 2147483647;
			files = (
			);
			runOnlyForDeploymentPostprocessing = 0;
		};
		54D9983E293CE22300B86D93 /* Resources */ = {
			isa = PBXResourcesBuildPhase;
			buildActionMask = 2147483647;
			files = (
			);
			runOnlyForDeploymentPostprocessing = 0;
		};
/* End PBXResourcesBuildPhase section */

/* Begin PBXSourcesBuildPhase section */
		54D9981C293CE22000B86D93 /* Sources */ = {
			isa = PBXSourcesBuildPhase;
			buildActionMask = 2147483647;
			files = (
				54D99828293CE22000B86D93 /* ViewController.swift in Sources */,
				54D99824293CE22000B86D93 /* AppDelegate.swift in Sources */,
				54D99854293CE32800B86D93 /* CalorieCounter.swift in Sources */,
				54D99826293CE22000B86D93 /* SceneDelegate.swift in Sources */,
			);
			runOnlyForDeploymentPostprocessing = 0;
		};
		54D99832293CE22300B86D93 /* Sources */ = {
			isa = PBXSourcesBuildPhase;
			buildActionMask = 2147483647;
			files = (
				54D9983B293CE22300B86D93 /* Day_1_Calorie_CounterTests.swift in Sources */,
			);
			runOnlyForDeploymentPostprocessing = 0;
		};
		54D9983C293CE22300B86D93 /* Sources */ = {
			isa = PBXSourcesBuildPhase;
			buildActionMask = 2147483647;
			files = (
				54D99847293CE22300B86D93 /* Day_1_Calorie_CounterUITestsLaunchTests.swift in Sources */,
				54D99845293CE22300B86D93 /* Day_1_Calorie_CounterUITests.swift in Sources */,
			);
			runOnlyForDeploymentPostprocessing = 0;
		};
/* End PBXSourcesBuildPhase section */

/* Begin PBXTargetDependency section */
		54D99838293CE22300B86D93 /* PBXTargetDependency */ = {
			isa = PBXTargetDependency;
			target = 54D9981F293CE22000B86D93 /* AdventOfCode */;
			targetProxy = 54D99837293CE22300B86D93 /* PBXContainerItemProxy */;
		};
		54D99842293CE22300B86D93 /* PBXTargetDependency */ = {
			isa = PBXTargetDependency;
			target = 54D9981F293CE22000B86D93 /* AdventOfCode */;
			targetProxy = 54D99841293CE22300B86D93 /* PBXContainerItemProxy */;
		};
/* End PBXTargetDependency section */

/* Begin PBXVariantGroup section */
		54D99829293CE22000B86D93 /* Main.storyboard */ = {
			isa = PBXVariantGroup;
			children = (
				54D9982A293CE22000B86D93 /* Base */,
			);
			name = Main.storyboard;
			sourceTree = "<group>";
		};
		54D9982E293CE22200B86D93 /* LaunchScreen.storyboard */ = {
			isa = PBXVariantGroup;
			children = (
				54D9982F293CE22200B86D93 /* Base */,
			);
			name = LaunchScreen.storyboard;
			sourceTree = "<group>";
		};
/* End PBXVariantGroup section */

/* Begin XCBuildConfiguration section */
		54D99848293CE22300B86D93 /* Debug */ = {
			isa = XCBuildConfiguration;
			buildSettings = {
				ALWAYS_SEARCH_USER_PATHS = NO;
				CLANG_ANALYZER_NONNULL = YES;
				CLANG_ANALYZER_NUMBER_OBJECT_CONVERSION = YES_AGGRESSIVE;
				CLANG_CXX_LANGUAGE_STANDARD = "gnu++20";
				CLANG_ENABLE_MODULES = YES;
				CLANG_ENABLE_OBJC_ARC = YES;
				CLANG_ENABLE_OBJC_WEAK = YES;
				CLANG_WARN_BLOCK_CAPTURE_AUTORELEASING = YES;
				CLANG_WARN_BOOL_CONVERSION = YES;
				CLANG_WARN_COMMA = YES;
				CLANG_WARN_CONSTANT_CONVERSION = YES;
				CLANG_WARN_DEPRECATED_OBJC_IMPLEMENTATIONS = YES;
				CLANG_WARN_DIRECT_OBJC_ISA_USAGE = YES_ERROR;
				CLANG_WARN_DOCUMENTATION_COMMENTS = YES;
				CLANG_WARN_EMPTY_BODY = YES;
				CLANG_WARN_ENUM_CONVERSION = YES;
				CLANG_WARN_INFINITE_RECURSION = YES;
				CLANG_WARN_INT_CONVERSION = YES;
				CLANG_WARN_NON_LITERAL_NULL_CONVERSION = YES;
				CLANG_WARN_OBJC_IMPLICIT_RETAIN_SELF = YES;
				CLANG_WARN_OBJC_LITERAL_CONVERSION = YES;
				CLANG_WARN_OBJC_ROOT_CLASS = YES_ERROR;
				CLANG_WARN_QUOTED_INCLUDE_IN_FRAMEWORK_HEADER = YES;
				CLANG_WARN_RANGE_LOOP_ANALYSIS = YES;
				CLANG_WARN_STRICT_PROTOTYPES = YES;
				CLANG_WARN_SUSPICIOUS_MOVE = YES;
				CLANG_WARN_UNGUARDED_AVAILABILITY = YES_AGGRESSIVE;
				CLANG_WARN_UNREACHABLE_CODE = YES;
				CLANG_WARN__DUPLICATE_METHOD_MATCH = YES;
				COPY_PHASE_STRIP = NO;
				DEBUG_INFORMATION_FORMAT = dwarf;
				ENABLE_STRICT_OBJC_MSGSEND = YES;
				ENABLE_TESTABILITY = YES;
				GCC_C_LANGUAGE_STANDARD = gnu11;
				GCC_DYNAMIC_NO_PIC = NO;
				GCC_NO_COMMON_BLOCKS = YES;
				GCC_OPTIMIZATION_LEVEL = 0;
				GCC_PREPROCESSOR_DEFINITIONS = (
					"DEBUG=1",
					"$(inherited)",
				);
				GCC_WARN_64_TO_32_BIT_CONVERSION = YES;
				GCC_WARN_ABOUT_RETURN_TYPE = YES_ERROR;
				GCC_WARN_UNDECLARED_SELECTOR = YES;
				GCC_WARN_UNINITIALIZED_AUTOS = YES_AGGRESSIVE;
				GCC_WARN_UNUSED_FUNCTION = YES;
				GCC_WARN_UNUSED_VARIABLE = YES;
				IPHONEOS_DEPLOYMENT_TARGET = 16.1;
				MTL_ENABLE_DEBUG_INFO = INCLUDE_SOURCE;
				MTL_FAST_MATH = YES;
				ONLY_ACTIVE_ARCH = YES;
				SDKROOT = iphoneos;
				SWIFT_ACTIVE_COMPILATION_CONDITIONS = DEBUG;
				SWIFT_OPTIMIZATION_LEVEL = "-Onone";
			};
			name = Debug;
		};
		54D99849293CE22300B86D93 /* Release */ = {
			isa = XCBuildConfiguration;
			buildSettings = {
				ALWAYS_SEARCH_USER_PATHS = NO;
				CLANG_ANALYZER_NONNULL = YES;
				CLANG_ANALYZER_NUMBER_OBJECT_CONVERSION = YES_AGGRESSIVE;
				CLANG_CXX_LANGUAGE_STANDARD = "gnu++20";
				CLANG_ENABLE_MODULES = YES;
				CLANG_ENABLE_OBJC_ARC = YES;
				CLANG_ENABLE_OBJC_WEAK = YES;
				CLANG_WARN_BLOCK_CAPTURE_AUTORELEASING = YES;
				CLANG_WARN_BOOL_CONVERSION = YES;
				CLANG_WARN_COMMA = YES;
				CLANG_WARN_CONSTANT_CONVERSION = YES;
				CLANG_WARN_DEPRECATED_OBJC_IMPLEMENTATIONS = YES;
				CLANG_WARN_DIRECT_OBJC_ISA_USAGE = YES_ERROR;
				CLANG_WARN_DOCUMENTATION_COMMENTS = YES;
				CLANG_WARN_EMPTY_BODY = YES;
				CLANG_WARN_ENUM_CONVERSION = YES;
				CLANG_WARN_INFINITE_RECURSION = YES;
				CLANG_WARN_INT_CONVERSION = YES;
				CLANG_WARN_NON_LITERAL_NULL_CONVERSION = YES;
				CLANG_WARN_OBJC_IMPLICIT_RETAIN_SELF = YES;
				CLANG_WARN_OBJC_LITERAL_CONVERSION = YES;
				CLANG_WARN_OBJC_ROOT_CLASS = YES_ERROR;
				CLANG_WARN_QUOTED_INCLUDE_IN_FRAMEWORK_HEADER = YES;
				CLANG_WARN_RANGE_LOOP_ANALYSIS = YES;
				CLANG_WARN_STRICT_PROTOTYPES = YES;
				CLANG_WARN_SUSPICIOUS_MOVE = YES;
				CLANG_WARN_UNGUARDED_AVAILABILITY = YES_AGGRESSIVE;
				CLANG_WARN_UNREACHABLE_CODE = YES;
				CLANG_WARN__DUPLICATE_METHOD_MATCH = YES;
				COPY_PHASE_STRIP = NO;
				DEBUG_INFORMATION_FORMAT = "dwarf-with-dsym";
				ENABLE_NS_ASSERTIONS = NO;
				ENABLE_STRICT_OBJC_MSGSEND = YES;
				GCC_C_LANGUAGE_STANDARD = gnu11;
				GCC_NO_COMMON_BLOCKS = YES;
				GCC_WARN_64_TO_32_BIT_CONVERSION = YES;
				GCC_WARN_ABOUT_RETURN_TYPE = YES_ERROR;
				GCC_WARN_UNDECLARED_SELECTOR = YES;
				GCC_WARN_UNINITIALIZED_AUTOS = YES_AGGRESSIVE;
				GCC_WARN_UNUSED_FUNCTION = YES;
				GCC_WARN_UNUSED_VARIABLE = YES;
				IPHONEOS_DEPLOYMENT_TARGET = 16.1;
				MTL_ENABLE_DEBUG_INFO = NO;
				MTL_FAST_MATH = YES;
				SDKROOT = iphoneos;
				SWIFT_COMPILATION_MODE = wholemodule;
				SWIFT_OPTIMIZATION_LEVEL = "-O";
				VALIDATE_PRODUCT = YES;
			};
			name = Release;
		};
		54D9984B293CE22300B86D93 /* Debug */ = {
			isa = XCBuildConfiguration;
			buildSettings = {
				ASSETCATALOG_COMPILER_APPICON_NAME = AppIcon;
				ASSETCATALOG_COMPILER_GLOBAL_ACCENT_COLOR_NAME = AccentColor;
				CODE_SIGN_STYLE = Automatic;
				CURRENT_PROJECT_VERSION = 1;
				DEVELOPMENT_TEAM = Q35H756ADW;
				GENERATE_INFOPLIST_FILE = YES;
				INFOPLIST_FILE = "Day 1 Calorie Counter/Info.plist";
				INFOPLIST_KEY_UIApplicationSupportsIndirectInputEvents = YES;
				INFOPLIST_KEY_UILaunchStoryboardName = LaunchScreen;
				INFOPLIST_KEY_UIMainStoryboardFile = Main;
				INFOPLIST_KEY_UISupportedInterfaceOrientations_iPad = "UIInterfaceOrientationPortrait UIInterfaceOrientationPortraitUpsideDown UIInterfaceOrientationLandscapeLeft UIInterfaceOrientationLandscapeRight";
				INFOPLIST_KEY_UISupportedInterfaceOrientations_iPhone = "UIInterfaceOrientationPortrait UIInterfaceOrientationLandscapeLeft UIInterfaceOrientationLandscapeRight";
				LD_RUNPATH_SEARCH_PATHS = (
					"$(inherited)",
					"@executable_path/Frameworks",
				);
				MARKETING_VERSION = 1.0;
				PRODUCT_BUNDLE_IDENTIFIER = "com.winton.Day-1-Calorie-Counter";
				PRODUCT_NAME = "$(TARGET_NAME)";
				SWIFT_EMIT_LOC_STRINGS = YES;
				SWIFT_VERSION = 5.0;
				TARGETED_DEVICE_FAMILY = "1,2";
			};
			name = Debug;
		};
		54D9984C293CE22300B86D93 /* Release */ = {
			isa = XCBuildConfiguration;
			buildSettings = {
				ASSETCATALOG_COMPILER_APPICON_NAME = AppIcon;
				ASSETCATALOG_COMPILER_GLOBAL_ACCENT_COLOR_NAME = AccentColor;
				CODE_SIGN_STYLE = Automatic;
				CURRENT_PROJECT_VERSION = 1;
				DEVELOPMENT_TEAM = Q35H756ADW;
				GENERATE_INFOPLIST_FILE = YES;
				INFOPLIST_FILE = "Day 1 Calorie Counter/Info.plist";
				INFOPLIST_KEY_UIApplicationSupportsIndirectInputEvents = YES;
				INFOPLIST_KEY_UILaunchStoryboardName = LaunchScreen;
				INFOPLIST_KEY_UIMainStoryboardFile = Main;
				INFOPLIST_KEY_UISupportedInterfaceOrientations_iPad = "UIInterfaceOrientationPortrait UIInterfaceOrientationPortraitUpsideDown UIInterfaceOrientationLandscapeLeft UIInterfaceOrientationLandscapeRight";
				INFOPLIST_KEY_UISupportedInterfaceOrientations_iPhone = "UIInterfaceOrientationPortrait UIInterfaceOrientationLandscapeLeft UIInterfaceOrientationLandscapeRight";
				LD_RUNPATH_SEARCH_PATHS = (
					"$(inherited)",
					"@executable_path/Frameworks",
				);
				MARKETING_VERSION = 1.0;
				PRODUCT_BUNDLE_IDENTIFIER = "com.winton.Day-1-Calorie-Counter";
				PRODUCT_NAME = "$(TARGET_NAME)";
				SWIFT_EMIT_LOC_STRINGS = YES;
				SWIFT_VERSION = 5.0;
				TARGETED_DEVICE_FAMILY = "1,2";
			};
			name = Release;
		};
		54D9984E293CE22300B86D93 /* Debug */ = {
			isa = XCBuildConfiguration;
			buildSettings = {
				ALWAYS_EMBED_SWIFT_STANDARD_LIBRARIES = YES;
				BUNDLE_LOADER = "$(TEST_HOST)";
				CODE_SIGN_STYLE = Automatic;
				CURRENT_PROJECT_VERSION = 1;
				DEVELOPMENT_TEAM = Q35H756ADW;
				GENERATE_INFOPLIST_FILE = YES;
				IPHONEOS_DEPLOYMENT_TARGET = 16.1;
				MARKETING_VERSION = 1.0;
				PRODUCT_BUNDLE_IDENTIFIER = "com.winton.Day-1-Calorie-CounterTests";
				PRODUCT_NAME = "$(TARGET_NAME)";
				SWIFT_EMIT_LOC_STRINGS = NO;
				SWIFT_VERSION = 5.0;
				TARGETED_DEVICE_FAMILY = "1,2";
				TEST_HOST = "$(BUILT_PRODUCTS_DIR)/AdventOfCode.app/$(BUNDLE_EXECUTABLE_FOLDER_PATH)/AdventOfCode";
			};
			name = Debug;
		};
		54D9984F293CE22300B86D93 /* Release */ = {
			isa = XCBuildConfiguration;
			buildSettings = {
				ALWAYS_EMBED_SWIFT_STANDARD_LIBRARIES = YES;
				BUNDLE_LOADER = "$(TEST_HOST)";
				CODE_SIGN_STYLE = Automatic;
				CURRENT_PROJECT_VERSION = 1;
				DEVELOPMENT_TEAM = Q35H756ADW;
				GENERATE_INFOPLIST_FILE = YES;
				IPHONEOS_DEPLOYMENT_TARGET = 16.1;
				MARKETING_VERSION = 1.0;
				PRODUCT_BUNDLE_IDENTIFIER = "com.winton.Day-1-Calorie-CounterTests";
				PRODUCT_NAME = "$(TARGET_NAME)";
				SWIFT_EMIT_LOC_STRINGS = NO;
				SWIFT_VERSION = 5.0;
				TARGETED_DEVICE_FAMILY = "1,2";
				TEST_HOST = "$(BUILT_PRODUCTS_DIR)/AdventOfCode.app/$(BUNDLE_EXECUTABLE_FOLDER_PATH)/AdventOfCode";
			};
			name = Release;
		};
		54D99851293CE22300B86D93 /* Debug */ = {
			isa = XCBuildConfiguration;
			buildSettings = {
				ALWAYS_EMBED_SWIFT_STANDARD_LIBRARIES = YES;
				CODE_SIGN_STYLE = Automatic;
				CURRENT_PROJECT_VERSION = 1;
				DEVELOPMENT_TEAM = Q35H756ADW;
				GENERATE_INFOPLIST_FILE = YES;
				MARKETING_VERSION = 1.0;
				PRODUCT_BUNDLE_IDENTIFIER = "com.winton.Day-1-Calorie-CounterUITests";
				PRODUCT_NAME = "$(TARGET_NAME)";
				SWIFT_EMIT_LOC_STRINGS = NO;
				SWIFT_VERSION = 5.0;
				TARGETED_DEVICE_FAMILY = "1,2";
				TEST_TARGET_NAME = "Day 1 Calorie Counter";
			};
			name = Debug;
		};
		54D99852293CE22300B86D93 /* Release */ = {
			isa = XCBuildConfiguration;
			buildSettings = {
				ALWAYS_EMBED_SWIFT_STANDARD_LIBRARIES = YES;
				CODE_SIGN_STYLE = Automatic;
				CURRENT_PROJECT_VERSION = 1;
				DEVELOPMENT_TEAM = Q35H756ADW;
				GENERATE_INFOPLIST_FILE = YES;
				MARKETING_VERSION = 1.0;
				PRODUCT_BUNDLE_IDENTIFIER = "com.winton.Day-1-Calorie-CounterUITests";
				PRODUCT_NAME = "$(TARGET_NAME)";
				SWIFT_EMIT_LOC_STRINGS = NO;
				SWIFT_VERSION = 5.0;
				TARGETED_DEVICE_FAMILY = "1,2";
				TEST_TARGET_NAME = "Day 1 Calorie Counter";
			};
			name = Release;
		};
/* End XCBuildConfiguration section */

/* Begin XCConfigurationList section */
		54D9981B293CE22000B86D93 /* Build configuration list for PBXProject "AdventOfCode" */ = {
			isa = XCConfigurationList;
			buildConfigurations = (
				54D99848293CE22300B86D93 /* Debug */,
				54D99849293CE22300B86D93 /* Release */,
			);
			defaultConfigurationIsVisible = 0;
			defaultConfigurationName = Release;
		};
		54D9984A293CE22300B86D93 /* Build configuration list for PBXNativeTarget "AdventOfCode" */ = {
			isa = XCConfigurationList;
			buildConfigurations = (
				54D9984B293CE22300B86D93 /* Debug */,
				54D9984C293CE22300B86D93 /* Release */,
			);
			defaultConfigurationIsVisible = 0;
			defaultConfigurationName = Release;
		};
		54D9984D293CE22300B86D93 /* Build configuration list for PBXNativeTarget "AdventOfCodeTests" */ = {
			isa = XCConfigurationList;
			buildConfigurations = (
				54D9984E293CE22300B86D93 /* Debug */,
				54D9984F293CE22300B86D93 /* Release */,
			);
			defaultConfigurationIsVisible = 0;
			defaultConfigurationName = Release;
		};
		54D99850293CE22300B86D93 /* Build configuration list for PBXNativeTarget "AdventOfCodeUITests" */ = {
			isa = XCConfigurationList;
			buildConfigurations = (
				54D99851293CE22300B86D93 /* Debug */,
				54D99852293CE22300B86D93 /* Release */,
			);
			defaultConfigurationIsVisible = 0;
			defaultConfigurationName = Release;
		};
/* End XCConfigurationList section */
	};
	rootObject = 54D99818293CE22000B86D93 /* Project object */;
}
